
Microsoft Visual Studio Solution File, Format Version 12.00
# Visual Studio Version 17
VisualStudioVersion = 17.4.33122.133
MinimumVisualStudioVersion = 10.0.40219.1
Project("{FAE04EC0-301F-11D3-BF4B-00C04F79EFBC}") = "BancoApp", "BancoApp\BancoApp.csproj", "{4C73B6BF-3F19-4703-881F-4D7AB395907C}"
EndProject
Global
	GlobalSection(SolutionConfigurationPlatforms) = preSolution
		Debug|Any CPU = Debug|Any CPU
		Release|Any CPU = Release|Any CPU
	EndGlobalSection
	GlobalSection(ProjectConfigurationPlatforms) = postSolution
		{4C73B6BF-3F19-4703-881F-4D7AB395907C}.Debug|Any CPU.ActiveCfg = Debug|Any CPU
		{4C73B6BF-3F19-4703-881F-4D7AB395907C}.Debug|Any CPU.Build.0 = Debug|Any CPU
		{4C73B6BF-3F19-4703-881F-4D7AB395907C}.Release|Any CPU.ActiveCfg = Release|Any CPU
		{4C73B6BF-3F19-4703-881F-4D7AB395907C}.Release|Any CPU.Build.0 = Release|Any CPU
	EndGlobalSection
	GlobalSection(SolutionProperties) = preSolution
		HideSolutionNode = FALSE
	EndGlobalSection
	GlobalSection(ExtensibilityGlobals) = postSolution
		SolutionGuid = {574EA404-F4D4-406D-ACA8-810F5DC366F8}
	EndGlobalSection
EndGlobal
